
Microsoft Visual Studio Solution File, Format Version 12.00
# Visual Studio Version 17
VisualStudioVersion = 17.14.36301.6 d17.14
MinimumVisualStudioVersion = 10.0.40219.1
Project("{FAE04EC0-301F-11D3-BF4B-00C04F79EFBC}") = "Visibility", "Visibility\Visibility.csproj", "{4D2166B1-F610-4BCE-B74E-B69FBE2CA766}"
EndProject
Global
	GlobalSection(SolutionConfigurationPlatforms) = preSolution
		Debug|x64 = Debug|x64
		Release|x64 = Release|x64
	EndGlobalSection
	GlobalSection(ProjectConfigurationPlatforms) = postSolution
		{4D2166B1-F610-4BCE-B74E-B69FBE2CA766}.Debug|x64.ActiveCfg = Debug|x64
		{4D2166B1-F610-4BCE-B74E-B69FBE2CA766}.Debug|x64.Build.0 = Debug|x64
		{4D2166B1-F610-4BCE-B74E-B69FBE2CA766}.Release|x64.ActiveCfg = Release|x64
		{4D2166B1-F610-4BCE-B74E-B69FBE2CA766}.Release|x64.Build.0 = Release|x64
	EndGlobalSection
	GlobalSection(SolutionProperties) = preSolution
		HideSolutionNode = FALSE
	EndGlobalSection
	GlobalSection(ExtensibilityGlobals) = postSolution
		SolutionGuid = {7FF37299-7F46-4F98-85C3-D6055B568E3D}
	EndGlobalSection
EndGlobal
