{
  "version": 1,
  "dependencies": {
    "net6.0-windows7.0": {
      "Dalamud.ContextMenu": {
        "type": "Direct",
        "requested": "[1.2.1, )",
        "resolved": "1.2.1",
        "contentHash": "RiBkn1OYRTnVbfUGYolLBE8MOeXjok+JiZaryb27oGa7YARCTu0XgUzkRiCglujknsHOn5kAaXsT3TUJmqMigg=="
      },
      "DalamudPackager": {
        "type": "Direct",
        "requested": "[2.1.8, )",
        "resolved": "2.1.8",
        "contentHash": "YqagNXs9InxmqkXzq7kLveImxnodkBEicAhydMXVp7dFjC7xb76U6zGgAax4/BWIWfZeWzr5DJyQSev31kj81A=="
      }
    }
  }
}