{
  "version": 1,
  "dependencies": {
    "net6.0-windows7.0": {
      "Dalamud.ContextMenu": {
        "type": "Direct",
        "requested": "[1.1.0, )",
        "resolved": "1.1.0",
        "contentHash": "NDaq7blwyGDVtmnt6F5w5lpuxR9e6xspgPxpXRAwoS9LAVjR9TQRjG8xY0UwS7dv41micptE36jZBc5tPltr3g=="
      },
      "DalamudPackager": {
        "type": "Direct",
        "requested": "[2.1.7, )",
        "resolved": "2.1.7",
        "contentHash": "jnZ/sdInyn07ycuWI+pPOtP/xE3v+c4+jYJfDt36FWnBF9NKqkpzfviJtPl/jGLgbaCmFIXu+Yid0N8GvdKefg=="
      }
    }
  }
}